
Microsoft Visual Studio Solution File, Format Version 12.00
# Visual Studio Version 17
VisualStudioVersion = 17.7.34031.279
MinimumVisualStudioVersion = 10.0.40219.1
Project("{FAE04EC0-301F-11D3-BF4B-00C04F79EFBC}") = "pracktice_task_16", "pracktice_task_16\pracktice_task_16.csproj", "{123A9667-BBF7-475E-B29F-083542823466}"
EndProject
Global
	GlobalSection(SolutionConfigurationPlatforms) = preSolution
		Debug|Any CPU = Debug|Any CPU
		Release|Any CPU = Release|Any CPU
	EndGlobalSection
	GlobalSection(ProjectConfigurationPlatforms) = postSolution
		{123A9667-BBF7-475E-B29F-083542823466}.Debug|Any CPU.ActiveCfg = Debug|Any CPU
		{123A9667-BBF7-475E-B29F-083542823466}.Debug|Any CPU.Build.0 = Debug|Any CPU
		{123A9667-BBF7-475E-B29F-083542823466}.Release|Any CPU.ActiveCfg = Release|Any CPU
		{123A9667-BBF7-475E-B29F-083542823466}.Release|Any CPU.Build.0 = Release|Any CPU
	EndGlobalSection
	GlobalSection(SolutionProperties) = preSolution
		HideSolutionNode = FALSE
	EndGlobalSection
	GlobalSection(ExtensibilityGlobals) = postSolution
		SolutionGuid = {F152F851-3D6D-4CF9-AC6E-99A8F808CE78}
	EndGlobalSection
EndGlobal
